
Microsoft Visual Studio Solution File, Format Version 12.00
# Visual Studio Version 17
VisualStudioVersion = 17.14.36811.4 d17.14
MinimumVisualStudioVersion = 10.0.40219.1
Project("{FAE04EC0-301F-11D3-BF4B-00C04F79EFBC}") = "expense-tracker-be", "expense-tracker-be.csproj", "{287103E9-8B1C-4C94-9555-F2153426451D}"
EndProject
Global
	GlobalSection(SolutionConfigurationPlatforms) = preSolution
		Debug|Any CPU = Debug|Any CPU
		Release|Any CPU = Release|Any CPU
	EndGlobalSection
	GlobalSection(ProjectConfigurationPlatforms) = postSolution
		{287103E9-8B1C-4C94-9555-F2153426451D}.Debug|Any CPU.ActiveCfg = Debug|Any CPU
		{287103E9-8B1C-4C94-9555-F2153426451D}.Debug|Any CPU.Build.0 = Debug|Any CPU
		{287103E9-8B1C-4C94-9555-F2153426451D}.Release|Any CPU.ActiveCfg = Release|Any CPU
		{287103E9-8B1C-4C94-9555-F2153426451D}.Release|Any CPU.Build.0 = Release|Any CPU
	EndGlobalSection
	GlobalSection(SolutionProperties) = preSolution
		HideSolutionNode = FALSE
	EndGlobalSection
	GlobalSection(ExtensibilityGlobals) = postSolution
		SolutionGuid = {B0F7EEEB-9B81-4561-93DD-FCD30643A87B}
	EndGlobalSection
EndGlobal
